
Microsoft Visual Studio Solution File, Format Version 12.00
# Visual Studio 15
VisualStudioVersion = 15.0.27428.2015
MinimumVisualStudioVersion = 10.0.40219.1
Project("{FAE04EC0-301F-11D3-BF4B-00C04F79EFBC}") = "DataManagement", "DataManagement\DataManagement.csproj", "{71ECC524-F091-4296-93CE-40D4ABF2B5AB}"
EndProject
Global
	GlobalSection(SolutionConfigurationPlatforms) = preSolution
		Debug|Any CPU = Debug|Any CPU
		Release|Any CPU = Release|Any CPU
	EndGlobalSection
	GlobalSection(ProjectConfigurationPlatforms) = postSolution
		{71ECC524-F091-4296-93CE-40D4ABF2B5AB}.Debug|Any CPU.ActiveCfg = Debug|Any CPU
		{71ECC524-F091-4296-93CE-40D4ABF2B5AB}.Debug|Any CPU.Build.0 = Debug|Any CPU
		{71ECC524-F091-4296-93CE-40D4ABF2B5AB}.Release|Any CPU.ActiveCfg = Release|Any CPU
		{71ECC524-F091-4296-93CE-40D4ABF2B5AB}.Release|Any CPU.Build.0 = Release|Any CPU
	EndGlobalSection
	GlobalSection(SolutionProperties) = preSolution
		HideSolutionNode = FALSE
	EndGlobalSection
	GlobalSection(ExtensibilityGlobals) = postSolution
		SolutionGuid = {FECA1AA9-89F9-4C76-AFC4-397B2DCD30D0}
	EndGlobalSection
EndGlobal
