
Microsoft Visual Studio Solution File, Format Version 11.00
# Visual Studio 2010
Project("{54435603-DBB4-11D2-8724-00A0C9A8B90C}") = "EDAC_SetUp", "EDAC_SetUp\EDAC_SetUp.vdproj", "{E967920A-1239-487D-AD58-D807FE93548C}"
EndProject
Global
	GlobalSection(SolutionConfigurationPlatforms) = preSolution
		Debug|Default = Debug|Default
		Release|Default = Release|Default
	EndGlobalSection
	GlobalSection(ProjectConfigurationPlatforms) = postSolution
		{E967920A-1239-487D-AD58-D807FE93548C}.Debug|Default.ActiveCfg = Debug
		{E967920A-1239-487D-AD58-D807FE93548C}.Debug|Default.Build.0 = Debug
		{E967920A-1239-487D-AD58-D807FE93548C}.Release|Default.ActiveCfg = Release
		{E967920A-1239-487D-AD58-D807FE93548C}.Release|Default.Build.0 = Release
	EndGlobalSection
	GlobalSection(SolutionProperties) = preSolution
		HideSolutionNode = FALSE
	EndGlobalSection
EndGlobal
