
Microsoft Visual Studio Solution File, Format Version 12.00
# Visual Studio 15
VisualStudioVersion = 15.0.27428.2015
MinimumVisualStudioVersion = 10.0.40219.1
Project("{FAE04EC0-301F-11D3-BF4B-00C04F79EFBC}") = "Editor", "Editor\Editor.csproj", "{62FA2310-F98B-49E9-A755-88553D4ED8EA}"
EndProject
Global
	GlobalSection(SolutionConfigurationPlatforms) = preSolution
		Debug|Any CPU = Debug|Any CPU
		Release|Any CPU = Release|Any CPU
	EndGlobalSection
	GlobalSection(ProjectConfigurationPlatforms) = postSolution
		{62FA2310-F98B-49E9-A755-88553D4ED8EA}.Debug|Any CPU.ActiveCfg = Debug|Any CPU
		{62FA2310-F98B-49E9-A755-88553D4ED8EA}.Debug|Any CPU.Build.0 = Debug|Any CPU
		{62FA2310-F98B-49E9-A755-88553D4ED8EA}.Release|Any CPU.ActiveCfg = Release|Any CPU
		{62FA2310-F98B-49E9-A755-88553D4ED8EA}.Release|Any CPU.Build.0 = Release|Any CPU
	EndGlobalSection
	GlobalSection(SolutionProperties) = preSolution
		HideSolutionNode = FALSE
	EndGlobalSection
	GlobalSection(ExtensibilityGlobals) = postSolution
		SolutionGuid = {5EEF8763-3DD7-49C7-8D4B-A73EE56DCE3B}
	EndGlobalSection
EndGlobal
